
Microsoft Visual Studio Solution File, Format Version 12.00
# Visual Studio 15
VisualStudioVersion = 15.0.27130.2027
MinimumVisualStudioVersion = 10.0.40219.1
Project("{FAE04EC0-301F-11D3-BF4B-00C04F79EFBC}") = "TestAppXamarin.Android", "TestAppXamarin\TestAppXamarin.Android\TestAppXamarin.Android.csproj", "{04E53D9E-0832-4D01-94D5-C1D2FF31BFCC}"
EndProject
Project("{FAE04EC0-301F-11D3-BF4B-00C04F79EFBC}") = "TestAppXamarin.iOS", "TestAppXamarin\TestAppXamarin.iOS\TestAppXamarin.iOS.csproj", "{682A836D-39BA-4C5C-8E42-2A3AD526A901}"
EndProject
Project("{FAE04EC0-301F-11D3-BF4B-00C04F79EFBC}") = "TestAppXamarin.UWP", "TestAppXamarin\TestAppXamarin.UWP\TestAppXamarin.UWP.csproj", "{59F077EB-4E92-47A7-888B-2F560F9C9B9D}"
EndProject
Project("{D954291E-2A0B-460D-934E-DC6B0785DB48}") = "TestAppXamarin", "TestAppXamarin\TestAppXamarin\TestAppXamarin.shproj", "{8CEDD517-D797-474D-8306-0502E1121439}"
EndProject
Global
	GlobalSection(SharedMSBuildProjectFiles) = preSolution
		TestAppXamarin\TestAppXamarin\TestAppXamarin.projitems*{04e53d9e-0832-4d01-94d5-c1d2ff31bfcc}*SharedItemsImports = 4
		TestAppXamarin\TestAppXamarin\TestAppXamarin.projitems*{59f077eb-4e92-47a7-888b-2f560f9c9b9d}*SharedItemsImports = 4
		TestAppXamarin\TestAppXamarin\TestAppXamarin.projitems*{682a836d-39ba-4c5c-8e42-2a3ad526a901}*SharedItemsImports = 4
		TestAppXamarin\TestAppXamarin\TestAppXamarin.projitems*{8cedd517-d797-474d-8306-0502e1121439}*SharedItemsImports = 13
	EndGlobalSection
	GlobalSection(SolutionConfigurationPlatforms) = preSolution
		Ad-Hoc|Any CPU = Ad-Hoc|Any CPU
		Ad-Hoc|ARM = Ad-Hoc|ARM
		Ad-Hoc|iPhone = Ad-Hoc|iPhone
		Ad-Hoc|iPhoneSimulator = Ad-Hoc|iPhoneSimulator
		Ad-Hoc|x64 = Ad-Hoc|x64
		Ad-Hoc|x86 = Ad-Hoc|x86
		AppStore|Any CPU = AppStore|Any CPU
		AppStore|ARM = AppStore|ARM
		AppStore|iPhone = AppStore|iPhone
		AppStore|iPhoneSimulator = AppStore|iPhoneSimulator
		AppStore|x64 = AppStore|x64
		AppStore|x86 = AppStore|x86
		Debug|Any CPU = Debug|Any CPU
		Debug|ARM = Debug|ARM
		Debug|iPhone = Debug|iPhone
		Debug|iPhoneSimulator = Debug|iPhoneSimulator
		Debug|x64 = Debug|x64
		Debug|x86 = Debug|x86
		Release|Any CPU = Release|Any CPU
		Release|ARM = Release|ARM
		Release|iPhone = Release|iPhone
		Release|iPhoneSimulator = Release|iPhoneSimulator
		Release|x64 = Release|x64
		Release|x86 = Release|x86
	EndGlobalSection
	GlobalSection(ProjectConfigurationPlatforms) = postSolution
		{04E53D9E-0832-4D01-94D5-C1D2FF31BFCC}.Ad-Hoc|Any CPU.ActiveCfg = Release|Any CPU
		{04E53D9E-0832-4D01-94D5-C1D2FF31BFCC}.Ad-Hoc|Any CPU.Build.0 = Release|Any CPU
		{04E53D9E-0832-4D01-94D5-C1D2FF31BFCC}.Ad-Hoc|Any CPU.Deploy.0 = Release|Any CPU
		{04E53D9E-0832-4D01-94D5-C1D2FF31BFCC}.Ad-Hoc|ARM.ActiveCfg = Release|Any CPU
		{04E53D9E-0832-4D01-94D5-C1D2FF31BFCC}.Ad-Hoc|ARM.Build.0 = Release|Any CPU
		{04E53D9E-0832-4D01-94D5-C1D2FF31BFCC}.Ad-Hoc|ARM.Deploy.0 = Release|Any CPU
		{04E53D9E-0832-4D01-94D5-C1D2FF31BFCC}.Ad-Hoc|iPhone.ActiveCfg = Release|Any CPU
		{04E53D9E-0832-4D01-94D5-C1D2FF31BFCC}.Ad-Hoc|iPhone.Build.0 = Release|Any CPU
		{04E53D9E-0832-4D01-94D5-C1D2FF31BFCC}.Ad-Hoc|iPhone.Deploy.0 = Release|Any CPU
		{04E53D9E-0832-4D01-94D5-C1D2FF31BFCC}.Ad-Hoc|iPhoneSimulator.ActiveCfg = Release|Any CPU
		{04E53D9E-0832-4D01-94D5-C1D2FF31BFCC}.Ad-Hoc|iPhoneSimulator.Build.0 = Release|Any CPU
		{04E53D9E-0832-4D01-94D5-C1D2FF31BFCC}.Ad-Hoc|iPhoneSimulator.Deploy.0 = Release|Any CPU
		{04E53D9E-0832-4D01-94D5-C1D2FF31BFCC}.Ad-Hoc|x64.ActiveCfg = Release|Any CPU
		{04E53D9E-0832-4D01-94D5-C1D2FF31BFCC}.Ad-Hoc|x64.Build.0 = Release|Any CPU
		{04E53D9E-0832-4D01-94D5-C1D2FF31BFCC}.Ad-Hoc|x64.Deploy.0 = Release|Any CPU
		{04E53D9E-0832-4D01-94D5-C1D2FF31BFCC}.Ad-Hoc|x86.ActiveCfg = Release|Any CPU
		{04E53D9E-0832-4D01-94D5-C1D2FF31BFCC}.Ad-Hoc|x86.Build.0 = Release|Any CPU
		{04E53D9E-0832-4D01-94D5-C1D2FF31BFCC}.Ad-Hoc|x86.Deploy.0 = Release|Any CPU
		{04E53D9E-0832-4D01-94D5-C1D2FF31BFCC}.AppStore|Any CPU.ActiveCfg = Release|Any CPU
		{04E53D9E-0832-4D01-94D5-C1D2FF31BFCC}.AppStore|Any CPU.Build.0 = Release|Any CPU
		{04E53D9E-0832-4D01-94D5-C1D2FF31BFCC}.AppStore|Any CPU.Deploy.0 = Release|Any CPU
		{04E53D9E-0832-4D01-94D5-C1D2FF31BFCC}.AppStore|ARM.ActiveCfg = Release|Any CPU
		{04E53D9E-0832-4D01-94D5-C1D2FF31BFCC}.AppStore|ARM.Build.0 = Release|Any CPU
		{04E53D9E-0832-4D01-94D5-C1D2FF31BFCC}.AppStore|ARM.Deploy.0 = Release|Any CPU
		{04E53D9E-0832-4D01-94D5-C1D2FF31BFCC}.AppStore|iPhone.ActiveCfg = Release|Any CPU
		{04E53D9E-0832-4D01-94D5-C1D2FF31BFCC}.AppStore|iPhone.Build.0 = Release|Any CPU
		{04E53D9E-0832-4D01-94D5-C1D2FF31BFCC}.AppStore|iPhone.Deploy.0 = Release|Any CPU
		{04E53D9E-0832-4D01-94D5-C1D2FF31BFCC}.AppStore|iPhoneSimulator.ActiveCfg = Release|Any CPU
		{04E53D9E-0832-4D01-94D5-C1D2FF31BFCC}.AppStore|iPhoneSimulator.Build.0 = Release|Any CPU
		{04E53D9E-0832-4D01-94D5-C1D2FF31BFCC}.AppStore|iPhoneSimulator.Deploy.0 = Release|Any CPU
		{04E53D9E-0832-4D01-94D5-C1D2FF31BFCC}.AppStore|x64.ActiveCfg = Release|Any CPU
		{04E53D9E-0832-4D01-94D5-C1D2FF31BFCC}.AppStore|x64.Build.0 = Release|Any CPU
		{04E53D9E-0832-4D01-94D5-C1D2FF31BFCC}.AppStore|x64.Deploy.0 = Release|Any CPU
		{04E53D9E-0832-4D01-94D5-C1D2FF31BFCC}.AppStore|x86.ActiveCfg = Release|Any CPU
		{04E53D9E-0832-4D01-94D5-C1D2FF31BFCC}.AppStore|x86.Build.0 = Release|Any CPU
		{04E53D9E-0832-4D01-94D5-C1D2FF31BFCC}.AppStore|x86.Deploy.0 = Release|Any CPU
		{04E53D9E-0832-4D01-94D5-C1D2FF31BFCC}.Debug|Any CPU.ActiveCfg = Debug|Any CPU
		{04E53D9E-0832-4D01-94D5-C1D2FF31BFCC}.Debug|Any CPU.Build.0 = Debug|Any CPU
		{04E53D9E-0832-4D01-94D5-C1D2FF31BFCC}.Debug|Any CPU.Deploy.0 = Debug|Any CPU
		{04E53D9E-0832-4D01-94D5-C1D2FF31BFCC}.Debug|ARM.ActiveCfg = Debug|Any CPU
		{04E53D9E-0832-4D01-94D5-C1D2FF31BFCC}.Debug|ARM.Build.0 = Debug|Any CPU
		{04E53D9E-0832-4D01-94D5-C1D2FF31BFCC}.Debug|ARM.Deploy.0 = Debug|Any CPU
		{04E53D9E-0832-4D01-94D5-C1D2FF31BFCC}.Debug|iPhone.ActiveCfg = Debug|Any CPU
		{04E53D9E-0832-4D01-94D5-C1D2FF31BFCC}.Debug|iPhone.Build.0 = Debug|Any CPU
		{04E53D9E-0832-4D01-94D5-C1D2FF31BFCC}.Debug|iPhone.Deploy.0 = Debug|Any CPU
		{04E53D9E-0832-4D01-94D5-C1D2FF31BFCC}.Debug|iPhoneSimulator.ActiveCfg = Debug|Any CPU
		{04E53D9E-0832-4D01-94D5-C1D2FF31BFCC}.Debug|iPhoneSimulator.Build.0 = Debug|Any CPU
		{04E53D9E-0832-4D01-94D5-C1D2FF31BFCC}.Debug|iPhoneSimulator.Deploy.0 = Debug|Any CPU
		{04E53D9E-0832-4D01-94D5-C1D2FF31BFCC}.Debug|x64.ActiveCfg = Debug|Any CPU
		{04E53D9E-0832-4D01-94D5-C1D2FF31BFCC}.Debug|x64.Build.0 = Debug|Any CPU
		{04E53D9E-0832-4D01-94D5-C1D2FF31BFCC}.Debug|x64.Deploy.0 = Debug|Any CPU
		{04E53D9E-0832-4D01-94D5-C1D2FF31BFCC}.Debug|x86.ActiveCfg = Debug|Any CPU
		{04E53D9E-0832-4D01-94D5-C1D2FF31BFCC}.Debug|x86.Build.0 = Debug|Any CPU
		{04E53D9E-0832-4D01-94D5-C1D2FF31BFCC}.Debug|x86.Deploy.0 = Debug|Any CPU
		{04E53D9E-0832-4D01-94D5-C1D2FF31BFCC}.Release|Any CPU.ActiveCfg = Release|Any CPU
		{04E53D9E-0832-4D01-94D5-C1D2FF31BFCC}.Release|Any CPU.Build.0 = Release|Any CPU
		{04E53D9E-0832-4D01-94D5-C1D2FF31BFCC}.Release|Any CPU.Deploy.0 = Release|Any CPU
		{04E53D9E-0832-4D01-94D5-C1D2FF31BFCC}.Release|ARM.ActiveCfg = Release|Any CPU
		{04E53D9E-0832-4D01-94D5-C1D2FF31BFCC}.Release|ARM.Build.0 = Release|Any CPU
		{04E53D9E-0832-4D01-94D5-C1D2FF31BFCC}.Release|ARM.Deploy.0 = Release|Any CPU
		{04E53D9E-0832-4D01-94D5-C1D2FF31BFCC}.Release|iPhone.ActiveCfg = Release|Any CPU
		{04E53D9E-0832-4D01-94D5-C1D2FF31BFCC}.Release|iPhone.Build.0 = Release|Any CPU
		{04E53D9E-0832-4D01-94D5-C1D2FF31BFCC}.Release|iPhone.Deploy.0 = Release|Any CPU
		{04E53D9E-0832-4D01-94D5-C1D2FF31BFCC}.Release|iPhoneSimulator.ActiveCfg = Release|Any CPU
		{04E53D9E-0832-4D01-94D5-C1D2FF31BFCC}.Release|iPhoneSimulator.Build.0 = Release|Any CPU
		{04E53D9E-0832-4D01-94D5-C1D2FF31BFCC}.Release|iPhoneSimulator.Deploy.0 = Release|Any CPU
		{04E53D9E-0832-4D01-94D5-C1D2FF31BFCC}.Release|x64.ActiveCfg = Release|Any CPU
		{04E53D9E-0832-4D01-94D5-C1D2FF31BFCC}.Release|x64.Build.0 = Release|Any CPU
		{04E53D9E-0832-4D01-94D5-C1D2FF31BFCC}.Release|x64.Deploy.0 = Release|Any CPU
		{04E53D9E-0832-4D01-94D5-C1D2FF31BFCC}.Release|x86.ActiveCfg = Release|Any CPU
		{04E53D9E-0832-4D01-94D5-C1D2FF31BFCC}.Release|x86.Build.0 = Release|Any CPU
		{04E53D9E-0832-4D01-94D5-C1D2FF31BFCC}.Release|x86.Deploy.0 = Release|Any CPU
		{682A836D-39BA-4C5C-8E42-2A3AD526A901}.Ad-Hoc|Any CPU.ActiveCfg = Ad-Hoc|iPhone
		{682A836D-39BA-4C5C-8E42-2A3AD526A901}.Ad-Hoc|ARM.ActiveCfg = Ad-Hoc|iPhone
		{682A836D-39BA-4C5C-8E42-2A3AD526A901}.Ad-Hoc|iPhone.ActiveCfg = Ad-Hoc|iPhone
		{682A836D-39BA-4C5C-8E42-2A3AD526A901}.Ad-Hoc|iPhone.Build.0 = Ad-Hoc|iPhone
		{682A836D-39BA-4C5C-8E42-2A3AD526A901}.Ad-Hoc|iPhoneSimulator.ActiveCfg = Ad-Hoc|iPhoneSimulator
		{682A836D-39BA-4C5C-8E42-2A3AD526A901}.Ad-Hoc|iPhoneSimulator.Build.0 = Ad-Hoc|iPhoneSimulator
		{682A836D-39BA-4C5C-8E42-2A3AD526A901}.Ad-Hoc|x64.ActiveCfg = Ad-Hoc|iPhone
		{682A836D-39BA-4C5C-8E42-2A3AD526A901}.Ad-Hoc|x86.ActiveCfg = Ad-Hoc|iPhone
		{682A836D-39BA-4C5C-8E42-2A3AD526A901}.AppStore|Any CPU.ActiveCfg = AppStore|iPhone
		{682A836D-39BA-4C5C-8E42-2A3AD526A901}.AppStore|ARM.ActiveCfg = AppStore|iPhone
		{682A836D-39BA-4C5C-8E42-2A3AD526A901}.AppStore|iPhone.ActiveCfg = AppStore|iPhone
		{682A836D-39BA-4C5C-8E42-2A3AD526A901}.AppStore|iPhone.Build.0 = AppStore|iPhone
		{682A836D-39BA-4C5C-8E42-2A3AD526A901}.AppStore|iPhoneSimulator.ActiveCfg = AppStore|iPhoneSimulator
		{682A836D-39BA-4C5C-8E42-2A3AD526A901}.AppStore|iPhoneSimulator.Build.0 = AppStore|iPhoneSimulator
		{682A836D-39BA-4C5C-8E42-2A3AD526A901}.AppStore|x64.ActiveCfg = AppStore|iPhone
		{682A836D-39BA-4C5C-8E42-2A3AD526A901}.AppStore|x86.ActiveCfg = AppStore|iPhone
		{682A836D-39BA-4C5C-8E42-2A3AD526A901}.Debug|Any CPU.ActiveCfg = Debug|iPhone
		{682A836D-39BA-4C5C-8E42-2A3AD526A901}.Debug|ARM.ActiveCfg = Debug|iPhone
		{682A836D-39BA-4C5C-8E42-2A3AD526A901}.Debug|iPhone.ActiveCfg = Debug|iPhone
		{682A836D-39BA-4C5C-8E42-2A3AD526A901}.Debug|iPhone.Build.0 = Debug|iPhone
		{682A836D-39BA-4C5C-8E42-2A3AD526A901}.Debug|iPhoneSimulator.ActiveCfg = Debug|iPhoneSimulator
		{682A836D-39BA-4C5C-8E42-2A3AD526A901}.Debug|iPhoneSimulator.Build.0 = Debug|iPhoneSimulator
		{682A836D-39BA-4C5C-8E42-2A3AD526A901}.Debug|x64.ActiveCfg = Debug|iPhone
		{682A836D-39BA-4C5C-8E42-2A3AD526A901}.Debug|x86.ActiveCfg = Debug|iPhone
		{682A836D-39BA-4C5C-8E42-2A3AD526A901}.Release|Any CPU.ActiveCfg = Release|iPhone
		{682A836D-39BA-4C5C-8E42-2A3AD526A901}.Release|ARM.ActiveCfg = Release|iPhone
		{682A836D-39BA-4C5C-8E42-2A3AD526A901}.Release|iPhone.ActiveCfg = Release|iPhone
		{682A836D-39BA-4C5C-8E42-2A3AD526A901}.Release|iPhone.Build.0 = Release|iPhone
		{682A836D-39BA-4C5C-8E42-2A3AD526A901}.Release|iPhoneSimulator.ActiveCfg = Release|iPhoneSimulator
		{682A836D-39BA-4C5C-8E42-2A3AD526A901}.Release|iPhoneSimulator.Build.0 = Release|iPhoneSimulator
		{682A836D-39BA-4C5C-8E42-2A3AD526A901}.Release|x64.ActiveCfg = Release|iPhone
		{682A836D-39BA-4C5C-8E42-2A3AD526A901}.Release|x86.ActiveCfg = Release|iPhone
		{59F077EB-4E92-47A7-888B-2F560F9C9B9D}.Ad-Hoc|Any CPU.ActiveCfg = Release|x86
		{59F077EB-4E92-47A7-888B-2F560F9C9B9D}.Ad-Hoc|Any CPU.Build.0 = Release|x86
		{59F077EB-4E92-47A7-888B-2F560F9C9B9D}.Ad-Hoc|Any CPU.Deploy.0 = Release|x86
		{59F077EB-4E92-47A7-888B-2F560F9C9B9D}.Ad-Hoc|ARM.ActiveCfg = Release|ARM
		{59F077EB-4E92-47A7-888B-2F560F9C9B9D}.Ad-Hoc|ARM.Build.0 = Release|ARM
		{59F077EB-4E92-47A7-888B-2F560F9C9B9D}.Ad-Hoc|ARM.Deploy.0 = Release|ARM
		{59F077EB-4E92-47A7-888B-2F560F9C9B9D}.Ad-Hoc|iPhone.ActiveCfg = Release|x86
		{59F077EB-4E92-47A7-888B-2F560F9C9B9D}.Ad-Hoc|iPhone.Build.0 = Release|x86
		{59F077EB-4E92-47A7-888B-2F560F9C9B9D}.Ad-Hoc|iPhone.Deploy.0 = Release|x86
		{59F077EB-4E92-47A7-888B-2F560F9C9B9D}.Ad-Hoc|iPhoneSimulator.ActiveCfg = Release|x86
		{59F077EB-4E92-47A7-888B-2F560F9C9B9D}.Ad-Hoc|iPhoneSimulator.Build.0 = Release|x86
		{59F077EB-4E92-47A7-888B-2F560F9C9B9D}.Ad-Hoc|iPhoneSimulator.Deploy.0 = Release|x86
		{59F077EB-4E92-47A7-888B-2F560F9C9B9D}.Ad-Hoc|x64.ActiveCfg = Release|x64
		{59F077EB-4E92-47A7-888B-2F560F9C9B9D}.Ad-Hoc|x64.Build.0 = Release|x64
		{59F077EB-4E92-47A7-888B-2F560F9C9B9D}.Ad-Hoc|x64.Deploy.0 = Release|x64
		{59F077EB-4E92-47A7-888B-2F560F9C9B9D}.Ad-Hoc|x86.ActiveCfg = Release|x86
		{59F077EB-4E92-47A7-888B-2F560F9C9B9D}.Ad-Hoc|x86.Build.0 = Release|x86
		{59F077EB-4E92-47A7-888B-2F560F9C9B9D}.Ad-Hoc|x86.Deploy.0 = Release|x86
		{59F077EB-4E92-47A7-888B-2F560F9C9B9D}.AppStore|Any CPU.ActiveCfg = Release|x86
		{59F077EB-4E92-47A7-888B-2F560F9C9B9D}.AppStore|Any CPU.Build.0 = Release|x86
		{59F077EB-4E92-47A7-888B-2F560F9C9B9D}.AppStore|Any CPU.Deploy.0 = Release|x86
		{59F077EB-4E92-47A7-888B-2F560F9C9B9D}.AppStore|ARM.ActiveCfg = Release|ARM
		{59F077EB-4E92-47A7-888B-2F560F9C9B9D}.AppStore|ARM.Build.0 = Release|ARM
		{59F077EB-4E92-47A7-888B-2F560F9C9B9D}.AppStore|ARM.Deploy.0 = Release|ARM
		{59F077EB-4E92-47A7-888B-2F560F9C9B9D}.AppStore|iPhone.ActiveCfg = Release|x86
		{59F077EB-4E92-47A7-888B-2F560F9C9B9D}.AppStore|iPhone.Build.0 = Release|x86
		{59F077EB-4E92-47A7-888B-2F560F9C9B9D}.AppStore|iPhone.Deploy.0 = Release|x86
		{59F077EB-4E92-47A7-888B-2F560F9C9B9D}.AppStore|iPhoneSimulator.ActiveCfg = Release|x86
		{59F077EB-4E92-47A7-888B-2F560F9C9B9D}.AppStore|iPhoneSimulator.Build.0 = Release|x86
		{59F077EB-4E92-47A7-888B-2F560F9C9B9D}.AppStore|iPhoneSimulator.Deploy.0 = Release|x86
		{59F077EB-4E92-47A7-888B-2F560F9C9B9D}.AppStore|x64.ActiveCfg = Release|x64
		{59F077EB-4E92-47A7-888B-2F560F9C9B9D}.AppStore|x64.Build.0 = Release|x64
		{59F077EB-4E92-47A7-888B-2F560F9C9B9D}.AppStore|x64.Deploy.0 = Release|x64
		{59F077EB-4E92-47A7-888B-2F560F9C9B9D}.AppStore|x86.ActiveCfg = Release|x86
		{59F077EB-4E92-47A7-888B-2F560F9C9B9D}.AppStore|x86.Build.0 = Release|x86
		{59F077EB-4E92-47A7-888B-2F560F9C9B9D}.AppStore|x86.Deploy.0 = Release|x86
		{59F077EB-4E92-47A7-888B-2F560F9C9B9D}.Debug|Any CPU.ActiveCfg = Debug|x86
		{59F077EB-4E92-47A7-888B-2F560F9C9B9D}.Debug|ARM.ActiveCfg = Debug|ARM
		{59F077EB-4E92-47A7-888B-2F560F9C9B9D}.Debug|ARM.Build.0 = Debug|ARM
		{59F077EB-4E92-47A7-888B-2F560F9C9B9D}.Debug|ARM.Deploy.0 = Debug|ARM
		{59F077EB-4E92-47A7-888B-2F560F9C9B9D}.Debug|iPhone.ActiveCfg = Debug|x86
		{59F077EB-4E92-47A7-888B-2F560F9C9B9D}.Debug|iPhoneSimulator.ActiveCfg = Debug|x86
		{59F077EB-4E92-47A7-888B-2F560F9C9B9D}.Debug|x64.ActiveCfg = Debug|x64
		{59F077EB-4E92-47A7-888B-2F560F9C9B9D}.Debug|x64.Build.0 = Debug|x64
		{59F077EB-4E92-47A7-888B-2F560F9C9B9D}.Debug|x64.Deploy.0 = Debug|x64
		{59F077EB-4E92-47A7-888B-2F560F9C9B9D}.Debug|x86.ActiveCfg = Debug|x86
		{59F077EB-4E92-47A7-888B-2F560F9C9B9D}.Debug|x86.Build.0 = Debug|x86
		{59F077EB-4E92-47A7-888B-2F560F9C9B9D}.Debug|x86.Deploy.0 = Debug|x86
		{59F077EB-4E92-47A7-888B-2F560F9C9B9D}.Release|Any CPU.ActiveCfg = Release|x86
		{59F077EB-4E92-47A7-888B-2F560F9C9B9D}.Release|ARM.ActiveCfg = Release|ARM
		{59F077EB-4E92-47A7-888B-2F560F9C9B9D}.Release|ARM.Build.0 = Release|ARM
		{59F077EB-4E92-47A7-888B-2F560F9C9B9D}.Release|ARM.Deploy.0 = Release|ARM
		{59F077EB-4E92-47A7-888B-2F560F9C9B9D}.Release|iPhone.ActiveCfg = Release|x86
		{59F077EB-4E92-47A7-888B-2F560F9C9B9D}.Release|iPhoneSimulator.ActiveCfg = Release|x86
		{59F077EB-4E92-47A7-888B-2F560F9C9B9D}.Release|x64.ActiveCfg = Release|x64
		{59F077EB-4E92-47A7-888B-2F560F9C9B9D}.Release|x64.Build.0 = Release|x64
		{59F077EB-4E92-47A7-888B-2F560F9C9B9D}.Release|x64.Deploy.0 = Release|x64
		{59F077EB-4E92-47A7-888B-2F560F9C9B9D}.Release|x86.ActiveCfg = Release|x86
		{59F077EB-4E92-47A7-888B-2F560F9C9B9D}.Release|x86.Build.0 = Release|x86
		{59F077EB-4E92-47A7-888B-2F560F9C9B9D}.Release|x86.Deploy.0 = Release|x86
	EndGlobalSection
	GlobalSection(SolutionProperties) = preSolution
		HideSolutionNode = FALSE
	EndGlobalSection
	GlobalSection(ExtensibilityGlobals) = postSolution
		SolutionGuid = {FFC3C3B7-D943-45E7-BA00-C0526A77FBFE}
	EndGlobalSection
EndGlobal
